
Microsoft Visual Studio Solution File, Format Version 12.00
# Visual Studio 15
Project("{FAE04EC0-301F-11D3-BF4B-00C04F79EFBC}") = "Assembly-CSharp-Editor", "Assembly-CSharp-Editor.csproj", "{821B7E7A-7A4B-4980-9591-E045052E40BB}"
EndProject
Project("{FAE04EC0-301F-11D3-BF4B-00C04F79EFBC}") = "Assembly-CSharp", "Assembly-CSharp.csproj", "{91C95BDA-F1B2-FC66-F3E1-A9860D8F40D7}"
EndProject
Global
	GlobalSection(SolutionConfigurationPlatforms) = preSolution
		Debug|Any CPU = Debug|Any CPU
		Release|Any CPU = Release|Any CPU
	EndGlobalSection
	GlobalSection(ProjectConfigurationPlatforms) = postSolution
		{821B7E7A-7A4B-4980-9591-E045052E40BB}.Debug|Any CPU.ActiveCfg = Debug|Any CPU
		{821B7E7A-7A4B-4980-9591-E045052E40BB}.Debug|Any CPU.Build.0 = Debug|Any CPU
		{821B7E7A-7A4B-4980-9591-E045052E40BB}.Release|Any CPU.ActiveCfg = Release|Any CPU
		{821B7E7A-7A4B-4980-9591-E045052E40BB}.Release|Any CPU.Build.0 = Release|Any CPU
		{91C95BDA-F1B2-FC66-F3E1-A9860D8F40D7}.Debug|Any CPU.ActiveCfg = Debug|Any CPU
		{91C95BDA-F1B2-FC66-F3E1-A9860D8F40D7}.Debug|Any CPU.Build.0 = Debug|Any CPU
		{91C95BDA-F1B2-FC66-F3E1-A9860D8F40D7}.Release|Any CPU.ActiveCfg = Release|Any CPU
		{91C95BDA-F1B2-FC66-F3E1-A9860D8F40D7}.Release|Any CPU.Build.0 = Release|Any CPU
	EndGlobalSection
	GlobalSection(SolutionProperties) = preSolution
		HideSolutionNode = FALSE
	EndGlobalSection
EndGlobal
